// !$*UTF8*$!
{
	archiveVersion = 1;
	classes = {
	};
	objectVersion = 56;
	objects = {

/* Begin PBXBuildFile section */
		058557BB273AAA24004C7B11 /* Assets.xcassets in Resources */ = {isa = PBXBuildFile; fileRef = 058557BA273AAA24004C7B11 /* Assets.xcassets */; };
		058557D9273AAEEB004C7B11 /* Preview Assets.xcassets in Resources */ = {isa = PBXBuildFile; fileRef = 058557D8273AAEEB004C7B11 /* Preview Assets.xcassets */; };
		2152FB042600AC8F00CF470E /* iOSApp.swift in Sources */ = {isa = PBXBuildFile; fileRef = 2152FB032600AC8F00CF470E /* iOSApp.swift */; };
		4470219B2C391DC800C855EC /* RswiftLibrary in Frameworks */ = {isa = PBXBuildFile; productRef = 4470219A2C391DC800C855EC /* RswiftLibrary */; };
		4470219D2C391DC800C855EC /* rswift in Frameworks */ = {isa = PBXBuildFile; productRef = 4470219C2C391DC800C855EC /* rswift */; };
		7555FF83242A565900829871 /* SwiftAppView.swift in Sources */ = {isa = PBXBuildFile; fileRef = 7555FF82242A565900829871 /* SwiftAppView.swift */; };
		DE039D772C3D3B63005C02D4 /* Publisher+Extension.swift in Sources */ = {isa = PBXBuildFile; fileRef = DE039D762C3D3B63005C02D4 /* Publisher+Extension.swift */; };
		DE8BFF2E2C3E4FDC00F966B1 /* BaseSharedVM.swift in Sources */ = {isa = PBXBuildFile; fileRef = DE8BFF2D2C3E4FDC00F966B1 /* BaseSharedVM.swift */; };
		DEAA03522C36A28E0068928C /* SplashView.swift in Sources */ = {isa = PBXBuildFile; fileRef = DEAA03512C36A28E0068928C /* SplashView.swift */; };
		DEE00B6F2C34DEB000C8048F /* Koin+Extension.swift in Sources */ = {isa = PBXBuildFile; fileRef = DEE00B6E2C34DEB000C8048F /* Koin+Extension.swift */; };
		DEE00B712C34E86B00C8048F /* SwiftAppRouter.swift in Sources */ = {isa = PBXBuildFile; fileRef = DEE00B702C34E86B00C8048F /* SwiftAppRouter.swift */; };
		DEE00B772C34EB0300C8048F /* Loading+Extension.swift in Sources */ = {isa = PBXBuildFile; fileRef = DEE00B762C34EB0300C8048F /* Loading+Extension.swift */; };
		DEE00B7B2C34ECF600C8048F /* ErrorDialog.swift in Sources */ = {isa = PBXBuildFile; fileRef = DEE00B7A2C34ECF600C8048F /* ErrorDialog.swift */; };
		DEE00B7E2C34EF8C00C8048F /* Spacer.swift in Sources */ = {isa = PBXBuildFile; fileRef = DEE00B7C2C34EF8C00C8048F /* Spacer.swift */; };
		DEE00B7F2C34EF8C00C8048F /* ProgressIndicator.swift in Sources */ = {isa = PBXBuildFile; fileRef = DEE00B7D2C34EF8C00C8048F /* ProgressIndicator.swift */; };
		DEE00B852C35351600C8048F /* Localizable.xcstrings in Resources */ = {isa = PBXBuildFile; fileRef = DEE00B842C35351600C8048F /* Localizable.xcstrings */; };
		DEEB6B372C36342D008B6587 /* SharedSplashVM.swift in Sources */ = {isa = PBXBuildFile; fileRef = DEEB6B362C36342D008B6587 /* SharedSplashVM.swift */; };
		DEEB6B392C36366F008B6587 /* SwiftLoadingState.swift in Sources */ = {isa = PBXBuildFile; fileRef = DEEB6B382C36366F008B6587 /* SwiftLoadingState.swift */; };
		DEEB6B3D2C36398A008B6587 /* LoginView.swift in Sources */ = {isa = PBXBuildFile; fileRef = DEEB6B3C2C36398A008B6587 /* LoginView.swift */; };
		DEEB6B3F2C363996008B6587 /* SharedLoginVM.swift in Sources */ = {isa = PBXBuildFile; fileRef = DEEB6B3E2C363996008B6587 /* SharedLoginVM.swift */; };
		DEEB6B412C3639A0008B6587 /* SamView.swift in Sources */ = {isa = PBXBuildFile; fileRef = DEEB6B402C3639A0008B6587 /* SamView.swift */; };
		DEEB6B432C3639AC008B6587 /* SharedSamVM.swift in Sources */ = {isa = PBXBuildFile; fileRef = DEEB6B422C3639AC008B6587 /* SharedSamVM.swift */; };
		DEEB6B5D2C363C42008B6587 /* CourseListView.swift in Sources */ = {isa = PBXBuildFile; fileRef = DEEB6B5A2C363C42008B6587 /* CourseListView.swift */; };
		DEEB6B5E2C363C42008B6587 /* StudentListView.swift in Sources */ = {isa = PBXBuildFile; fileRef = DEEB6B5B2C363C42008B6587 /* StudentListView.swift */; };
		DEEB6B632C363D60008B6587 /* LoginBirthButton.swift in Sources */ = {isa = PBXBuildFile; fileRef = DEEB6B5F2C363D60008B6587 /* LoginBirthButton.swift */; };
		DEEB6B642C363D60008B6587 /* LoginButton.swift in Sources */ = {isa = PBXBuildFile; fileRef = DEEB6B602C363D60008B6587 /* LoginButton.swift */; };
		DEEB6B652C363D60008B6587 /* LoginInputField.swift in Sources */ = {isa = PBXBuildFile; fileRef = DEEB6B612C363D60008B6587 /* LoginInputField.swift */; };
/* End PBXBuildFile section */

/* Begin PBXFileReference section */
		058557BA273AAA24004C7B11 /* Assets.xcassets */ = {isa = PBXFileReference; lastKnownFileType = folder.assetcatalog; path = Assets.xcassets; sourceTree = "<group>"; };
		058557D8273AAEEB004C7B11 /* Preview Assets.xcassets */ = {isa = PBXFileReference; lastKnownFileType = folder.assetcatalog; path = "Preview Assets.xcassets"; sourceTree = "<group>"; };
		2152FB032600AC8F00CF470E /* iOSApp.swift */ = {isa = PBXFileReference; lastKnownFileType = sourcecode.swift; path = iOSApp.swift; sourceTree = "<group>"; };
		7555FF7B242A565900829871 /* KotlinMultiplatformBase.app */ = {isa = PBXFileReference; explicitFileType = wrapper.application; includeInIndex = 0; path = KotlinMultiplatformBase.app; sourceTree = BUILT_PRODUCTS_DIR; };
		7555FF82242A565900829871 /* SwiftAppView.swift */ = {isa = PBXFileReference; lastKnownFileType = sourcecode.swift; path = SwiftAppView.swift; sourceTree = "<group>"; };
		7555FF8C242A565B00829871 /* Info.plist */ = {isa = PBXFileReference; lastKnownFileType = text.plist.xml; path = Info.plist; sourceTree = "<group>"; };
		AB3632DC29227652001CCB65 /* Config.xcconfig */ = {isa = PBXFileReference; fileEncoding = 4; lastKnownFileType = text.xcconfig; path = Config.xcconfig; sourceTree = "<group>"; };
		DE039D762C3D3B63005C02D4 /* Publisher+Extension.swift */ = {isa = PBXFileReference; lastKnownFileType = sourcecode.swift; path = "Publisher+Extension.swift"; sourceTree = "<group>"; };
		DE8BFF2D2C3E4FDC00F966B1 /* BaseSharedVM.swift */ = {isa = PBXFileReference; lastKnownFileType = sourcecode.swift; path = BaseSharedVM.swift; sourceTree = "<group>"; };
		DEAA03512C36A28E0068928C /* SplashView.swift */ = {isa = PBXFileReference; fileEncoding = 4; lastKnownFileType = sourcecode.swift; name = SplashView.swift; path = ../../SplashView.swift; sourceTree = "<group>"; };
		DEE00B6E2C34DEB000C8048F /* Koin+Extension.swift */ = {isa = PBXFileReference; lastKnownFileType = sourcecode.swift; path = "Koin+Extension.swift"; sourceTree = "<group>"; };
		DEE00B702C34E86B00C8048F /* SwiftAppRouter.swift */ = {isa = PBXFileReference; lastKnownFileType = sourcecode.swift; path = SwiftAppRouter.swift; sourceTree = "<group>"; };
		DEE00B762C34EB0300C8048F /* Loading+Extension.swift */ = {isa = PBXFileReference; lastKnownFileType = sourcecode.swift; path = "Loading+Extension.swift"; sourceTree = "<group>"; };
		DEE00B7A2C34ECF600C8048F /* ErrorDialog.swift */ = {isa = PBXFileReference; fileEncoding = 4; lastKnownFileType = sourcecode.swift; path = ErrorDialog.swift; sourceTree = "<group>"; };
		DEE00B7C2C34EF8C00C8048F /* Spacer.swift */ = {isa = PBXFileReference; fileEncoding = 4; lastKnownFileType = sourcecode.swift; path = Spacer.swift; sourceTree = "<group>"; };
		DEE00B7D2C34EF8C00C8048F /* ProgressIndicator.swift */ = {isa = PBXFileReference; fileEncoding = 4; lastKnownFileType = sourcecode.swift; path = ProgressIndicator.swift; sourceTree = "<group>"; };
		DEE00B842C35351600C8048F /* Localizable.xcstrings */ = {isa = PBXFileReference; lastKnownFileType = text.json.xcstrings; path = Localizable.xcstrings; sourceTree = "<group>"; };
		DEEB6B362C36342D008B6587 /* SharedSplashVM.swift */ = {isa = PBXFileReference; lastKnownFileType = sourcecode.swift; path = SharedSplashVM.swift; sourceTree = "<group>"; };
		DEEB6B382C36366F008B6587 /* SwiftLoadingState.swift */ = {isa = PBXFileReference; lastKnownFileType = sourcecode.swift; path = SwiftLoadingState.swift; sourceTree = "<group>"; };
		DEEB6B3C2C36398A008B6587 /* LoginView.swift */ = {isa = PBXFileReference; lastKnownFileType = sourcecode.swift; path = LoginView.swift; sourceTree = "<group>"; };
		DEEB6B3E2C363996008B6587 /* SharedLoginVM.swift */ = {isa = PBXFileReference; lastKnownFileType = sourcecode.swift; path = SharedLoginVM.swift; sourceTree = "<group>"; };
		DEEB6B402C3639A0008B6587 /* SamView.swift */ = {isa = PBXFileReference; lastKnownFileType = sourcecode.swift; path = SamView.swift; sourceTree = "<group>"; };
		DEEB6B422C3639AC008B6587 /* SharedSamVM.swift */ = {isa = PBXFileReference; lastKnownFileType = sourcecode.swift; path = SharedSamVM.swift; sourceTree = "<group>"; };
		DEEB6B5A2C363C42008B6587 /* CourseListView.swift */ = {isa = PBXFileReference; fileEncoding = 4; lastKnownFileType = sourcecode.swift; path = CourseListView.swift; sourceTree = "<group>"; };
		DEEB6B5B2C363C42008B6587 /* StudentListView.swift */ = {isa = PBXFileReference; fileEncoding = 4; lastKnownFileType = sourcecode.swift; path = StudentListView.swift; sourceTree = "<group>"; };
		DEEB6B5F2C363D60008B6587 /* LoginBirthButton.swift */ = {isa = PBXFileReference; fileEncoding = 4; lastKnownFileType = sourcecode.swift; path = LoginBirthButton.swift; sourceTree = "<group>"; };
		DEEB6B602C363D60008B6587 /* LoginButton.swift */ = {isa = PBXFileReference; fileEncoding = 4; lastKnownFileType = sourcecode.swift; path = LoginButton.swift; sourceTree = "<group>"; };
		DEEB6B612C363D60008B6587 /* LoginInputField.swift */ = {isa = PBXFileReference; fileEncoding = 4; lastKnownFileType = sourcecode.swift; path = LoginInputField.swift; sourceTree = "<group>"; };
/* End PBXFileReference section */

/* Begin PBXFrameworksBuildPhase section */
		B92378962B6B1156000C7307 /* Frameworks */ = {
			isa = PBXFrameworksBuildPhase;
			buildActionMask = 2147483647;
			files = (
				4470219B2C391DC800C855EC /* RswiftLibrary in Frameworks */,
				4470219D2C391DC800C855EC /* rswift in Frameworks */,
			);
			runOnlyForDeploymentPostprocessing = 0;
		};
/* End PBXFrameworksBuildPhase section */

/* Begin PBXGroup section */
		058557D7273AAEEB004C7B11 /* Preview Content */ = {
			isa = PBXGroup;
			children = (
				058557D8273AAEEB004C7B11 /* Preview Assets.xcassets */,
			);
			path = "Preview Content";
			sourceTree = "<group>";
		};
		42799AB246E5F90AF97AA0EF /* Frameworks */ = {
			isa = PBXGroup;
			children = (
			);
			name = Frameworks;
			sourceTree = "<group>";
		};
		7555FF72242A565900829871 = {
			isa = PBXGroup;
			children = (
				DEE00B842C35351600C8048F /* Localizable.xcstrings */,
				AB1DB47929225F7C00F7AF9C /* Configuration */,
				7555FF7D242A565900829871 /* iosApp */,
				7555FF7C242A565900829871 /* Products */,
				42799AB246E5F90AF97AA0EF /* Frameworks */,
			);
			sourceTree = "<group>";
		};
		7555FF7C242A565900829871 /* Products */ = {
			isa = PBXGroup;
			children = (
				7555FF7B242A565900829871 /* KotlinMultiplatformBase.app */,
			);
			name = Products;
			sourceTree = "<group>";
		};
		7555FF7D242A565900829871 /* iosApp */ = {
			isa = PBXGroup;
			children = (
				DEE00B782C34ECDE00C8048F /* Framework */,
				DEE00B722C34E8C200C8048F /* Presentation */,
				7555FF8C242A565B00829871 /* Info.plist */,
				2152FB032600AC8F00CF470E /* iOSApp.swift */,
				7555FF82242A565900829871 /* SwiftAppView.swift */,
				DEE00B702C34E86B00C8048F /* SwiftAppRouter.swift */,
				058557BA273AAA24004C7B11 /* Assets.xcassets */,
				058557D7273AAEEB004C7B11 /* Preview Content */,
			);
			path = iosApp;
			sourceTree = "<group>";
		};
		AB1DB47929225F7C00F7AF9C /* Configuration */ = {
			isa = PBXGroup;
			children = (
				AB3632DC29227652001CCB65 /* Config.xcconfig */,
			);
			path = Configuration;
			sourceTree = "<group>";
		};
		DEE00B722C34E8C200C8048F /* Presentation */ = {
			isa = PBXGroup;
			children = (
				DEEB6B352C363404008B6587 /* Splash */,
				DEEB6B3A2C36396B008B6587 /* Login */,
				DEEB6B3B2C363973008B6587 /* Sam */,
			);
			path = Presentation;
			sourceTree = "<group>";
		};
		DEE00B752C34EAF300C8048F /* Extension */ = {
			isa = PBXGroup;
			children = (
				DEE00B6E2C34DEB000C8048F /* Koin+Extension.swift */,
				DEE00B762C34EB0300C8048F /* Loading+Extension.swift */,
				DE039D762C3D3B63005C02D4 /* Publisher+Extension.swift */,
			);
			path = Extension;
			sourceTree = "<group>";
		};
		DEE00B782C34ECDE00C8048F /* Framework */ = {
			isa = PBXGroup;
			children = (
				DEE00B862C35461000C8048F /* VM */,
				DEE00B792C34ECE500C8048F /* Component */,
				DEE00B752C34EAF300C8048F /* Extension */,
			);
			path = Framework;
			sourceTree = "<group>";
		};
		DEE00B792C34ECE500C8048F /* Component */ = {
			isa = PBXGroup;
			children = (
				DEE00B7D2C34EF8C00C8048F /* ProgressIndicator.swift */,
				DEE00B7C2C34EF8C00C8048F /* Spacer.swift */,
				DEE00B7A2C34ECF600C8048F /* ErrorDialog.swift */,
			);
			path = Component;
			sourceTree = "<group>";
		};
		DEE00B862C35461000C8048F /* VM */ = {
			isa = PBXGroup;
			children = (
				DEEB6B382C36366F008B6587 /* SwiftLoadingState.swift */,
				DE8BFF2D2C3E4FDC00F966B1 /* BaseSharedVM.swift */,
			);
			path = VM;
			sourceTree = "<group>";
		};
		DEEB6B352C363404008B6587 /* Splash */ = {
			isa = PBXGroup;
			children = (
				DEAA03512C36A28E0068928C /* SplashView.swift */,
				DEEB6B362C36342D008B6587 /* SharedSplashVM.swift */,
			);
			path = Splash;
			sourceTree = "<group>";
		};
		DEEB6B3A2C36396B008B6587 /* Login */ = {
			isa = PBXGroup;
			children = (
				DEEB6B622C363D60008B6587 /* View */,
				DEEB6B3C2C36398A008B6587 /* LoginView.swift */,
				DEEB6B3E2C363996008B6587 /* SharedLoginVM.swift */,
			);
			path = Login;
			sourceTree = "<group>";
		};
		DEEB6B3B2C363973008B6587 /* Sam */ = {
			isa = PBXGroup;
			children = (
				DEEB6B5C2C363C42008B6587 /* View */,
				DEEB6B402C3639A0008B6587 /* SamView.swift */,
				DEEB6B422C3639AC008B6587 /* SharedSamVM.swift */,
			);
			path = Sam;
			sourceTree = "<group>";
		};
		DEEB6B5C2C363C42008B6587 /* View */ = {
			isa = PBXGroup;
			children = (
				DEEB6B5A2C363C42008B6587 /* CourseListView.swift */,
				DEEB6B5B2C363C42008B6587 /* StudentListView.swift */,
			);
			path = View;
			sourceTree = "<group>";
		};
		DEEB6B622C363D60008B6587 /* View */ = {
			isa = PBXGroup;
			children = (
				DEEB6B5F2C363D60008B6587 /* LoginBirthButton.swift */,
				DEEB6B602C363D60008B6587 /* LoginButton.swift */,
				DEEB6B612C363D60008B6587 /* LoginInputField.swift */,
			);
			name = View;
			path = ../../../../../SwiftCleanBase/SwiftCleanBase/Presentation/Login/View;
			sourceTree = "<group>";
		};
/* End PBXGroup section */

/* Begin PBXNativeTarget section */
		7555FF7A242A565900829871 /* iosApp */ = {
			isa = PBXNativeTarget;
			buildConfigurationList = 7555FFA5242A565B00829871 /* Build configuration list for PBXNativeTarget "iosApp" */;
			buildPhases = (
				DE0EB6872C2E9AB000308A70 /* ShellScript */,
				F36B1CEA2AD836FC00CB74D5 /* Compile Kotlin Framework */,
				7555FF77242A565900829871 /* Sources */,
				B92378962B6B1156000C7307 /* Frameworks */,
				7555FF79242A565900829871 /* Resources */,
			);
			buildRules = (
			);
			dependencies = (
				DEAA03592C36A4CB0068928C /* PBXTargetDependency */,
			);
			name = iosApp;
			packageProductDependencies = (
				4470219A2C391DC800C855EC /* RswiftLibrary */,
				4470219C2C391DC800C855EC /* rswift */,
			);
			productName = iosApp;
			productReference = 7555FF7B242A565900829871 /* KotlinMultiplatformBase.app */;
			productType = "com.apple.product-type.application";
		};
/* End PBXNativeTarget section */

/* Begin PBXProject section */
		7555FF73242A565900829871 /* Project object */ = {
			isa = PBXProject;
			attributes = {
				BuildIndependentTargetsInParallel = YES;
				LastSwiftUpdateCheck = 1130;
				LastUpgradeCheck = 1540;
				ORGANIZATIONNAME = orgName;
				TargetAttributes = {
					7555FF7A242A565900829871 = {
						CreatedOnToolsVersion = 11.3.1;
					};
				};
			};
			buildConfigurationList = 7555FF76242A565900829871 /* Build configuration list for PBXProject "iosApp" */;
			compatibilityVersion = "Xcode 14.0";
			developmentRegion = en;
			hasScannedForEncodings = 0;
			knownRegions = (
				en,
				Base,
			);
			mainGroup = 7555FF72242A565900829871;
			packageReferences = (
				447021992C391DC800C855EC /* XCRemoteSwiftPackageReference "R.swift" */,
			);
			productRefGroup = 7555FF7C242A565900829871 /* Products */;
			projectDirPath = "";
			projectRoot = "";
			targets = (
				7555FF7A242A565900829871 /* iosApp */,
			);
		};
/* End PBXProject section */

/* Begin PBXResourcesBuildPhase section */
		7555FF79242A565900829871 /* Resources */ = {
			isa = PBXResourcesBuildPhase;
			buildActionMask = 2147483647;
			files = (
				058557D9273AAEEB004C7B11 /* Preview Assets.xcassets in Resources */,
				058557BB273AAA24004C7B11 /* Assets.xcassets in Resources */,
				DEE00B852C35351600C8048F /* Localizable.xcstrings in Resources */,
			);
			runOnlyForDeploymentPostprocessing = 0;
		};
/* End PBXResourcesBuildPhase section */

/* Begin PBXShellScriptBuildPhase section */
		DE0EB6872C2E9AB000308A70 /* ShellScript */ = {
			isa = PBXShellScriptBuildPhase;
			buildActionMask = 2147483647;
			files = (
			);
			inputFileListPaths = (
			);
			inputPaths = (
			);
			outputFileListPaths = (
			);
			outputPaths = (
			);
			runOnlyForDeploymentPostprocessing = 0;
			shellPath = /bin/sh;
			shellScript = "cd \"$SRCROOT/..\"\n./gradlew :shared:embedAndSignAppleFrameworkForXcode\n";
		};
		F36B1CEA2AD836FC00CB74D5 /* Compile Kotlin Framework */ = {
			isa = PBXShellScriptBuildPhase;
			buildActionMask = 2147483647;
			files = (
			);
			inputFileListPaths = (
			);
			inputPaths = (
			);
			name = "Compile Kotlin Framework";
			outputFileListPaths = (
			);
			outputPaths = (
			);
			runOnlyForDeploymentPostprocessing = 0;
			shellPath = /bin/sh;
			shellScript = "if [ \"YES\" = \"$OVERRIDE_KOTLIN_BUILD_IDE_SUPPORTED\" ]; then\n  echo \"Skipping Gradle build task invocation due to OVERRIDE_KOTLIN_BUILD_IDE_SUPPORTED environment variable set to \\\"YES\\\"\"\n  exit 0\nfi\ncd \"$SRCROOT/..\"\n./gradlew :shared:embedAndSignAppleFrameworkForXcode\n";
		};
/* End PBXShellScriptBuildPhase section */

/* Begin PBXSourcesBuildPhase section */
		7555FF77242A565900829871 /* Sources */ = {
			isa = PBXSourcesBuildPhase;
			buildActionMask = 2147483647;
			files = (
				DEE00B712C34E86B00C8048F /* SwiftAppRouter.swift in Sources */,
				DEE00B7F2C34EF8C00C8048F /* ProgressIndicator.swift in Sources */,
				2152FB042600AC8F00CF470E /* iOSApp.swift in Sources */,
				DEEB6B632C363D60008B6587 /* LoginBirthButton.swift in Sources */,
				DEE00B772C34EB0300C8048F /* Loading+Extension.swift in Sources */,
				DEEB6B642C363D60008B6587 /* LoginButton.swift in Sources */,
				DEEB6B412C3639A0008B6587 /* SamView.swift in Sources */,
				DEEB6B5D2C363C42008B6587 /* CourseListView.swift in Sources */,
				DEE00B6F2C34DEB000C8048F /* Koin+Extension.swift in Sources */,
				DEEB6B5E2C363C42008B6587 /* StudentListView.swift in Sources */,
				DEEB6B432C3639AC008B6587 /* SharedSamVM.swift in Sources */,
				DEAA03522C36A28E0068928C /* SplashView.swift in Sources */,
				DE8BFF2E2C3E4FDC00F966B1 /* BaseSharedVM.swift in Sources */,
				DEEB6B392C36366F008B6587 /* SwiftLoadingState.swift in Sources */,
				DEE00B7E2C34EF8C00C8048F /* Spacer.swift in Sources */,
				DE039D772C3D3B63005C02D4 /* Publisher+Extension.swift in Sources */,
				DEEB6B372C36342D008B6587 /* SharedSplashVM.swift in Sources */,
				7555FF83242A565900829871 /* SwiftAppView.swift in Sources */,
				DEEB6B3D2C36398A008B6587 /* LoginView.swift in Sources */,
				DEEB6B3F2C363996008B6587 /* SharedLoginVM.swift in Sources */,
				DEEB6B652C363D60008B6587 /* LoginInputField.swift in Sources */,
				DEE00B7B2C34ECF600C8048F /* ErrorDialog.swift in Sources */,
			);
			runOnlyForDeploymentPostprocessing = 0;
		};
/* End PBXSourcesBuildPhase section */

/* Begin PBXTargetDependency section */
		DEAA03592C36A4CB0068928C /* PBXTargetDependency */ = {
			isa = PBXTargetDependency;
			productRef = DEAA03582C36A4CB0068928C /* RswiftGenerateInternalResources */;
		};
/* End PBXTargetDependency section */

/* Begin XCBuildConfiguration section */
		7555FFA3242A565B00829871 /* Debug */ = {
			isa = XCBuildConfiguration;
			baseConfigurationReference = AB3632DC29227652001CCB65 /* Config.xcconfig */;
			buildSettings = {
				ALWAYS_SEARCH_USER_PATHS = NO;
				CLANG_ANALYZER_NONNULL = YES;
				CLANG_ANALYZER_NUMBER_OBJECT_CONVERSION = YES_AGGRESSIVE;
				CLANG_CXX_LANGUAGE_STANDARD = "gnu++14";
				CLANG_CXX_LIBRARY = "libc++";
				CLANG_ENABLE_MODULES = YES;
				CLANG_ENABLE_OBJC_ARC = YES;
				CLANG_ENABLE_OBJC_WEAK = YES;
				CLANG_WARN_BLOCK_CAPTURE_AUTORELEASING = YES;
				CLANG_WARN_BOOL_CONVERSION = YES;
				CLANG_WARN_COMMA = YES;
				CLANG_WARN_CONSTANT_CONVERSION = YES;
				CLANG_WARN_DEPRECATED_OBJC_IMPLEMENTATIONS = YES;
				CLANG_WARN_DIRECT_OBJC_ISA_USAGE = YES_ERROR;
				CLANG_WARN_DOCUMENTATION_COMMENTS = YES;
				CLANG_WARN_EMPTY_BODY = YES;
				CLANG_WARN_ENUM_CONVERSION = YES;
				CLANG_WARN_INFINITE_RECURSION = YES;
				CLANG_WARN_INT_CONVERSION = YES;
				CLANG_WARN_NON_LITERAL_NULL_CONVERSION = YES;
				CLANG_WARN_OBJC_IMPLICIT_RETAIN_SELF = YES;
				CLANG_WARN_OBJC_LITERAL_CONVERSION = YES;
				CLANG_WARN_OBJC_ROOT_CLASS = YES_ERROR;
				CLANG_WARN_QUOTED_INCLUDE_IN_FRAMEWORK_HEADER = YES;
				CLANG_WARN_RANGE_LOOP_ANALYSIS = YES;
				CLANG_WARN_STRICT_PROTOTYPES = YES;
				CLANG_WARN_SUSPICIOUS_MOVE = YES;
				CLANG_WARN_UNGUARDED_AVAILABILITY = YES_AGGRESSIVE;
				CLANG_WARN_UNREACHABLE_CODE = YES;
				CLANG_WARN__DUPLICATE_METHOD_MATCH = YES;
				COPY_PHASE_STRIP = NO;
				DEBUG_INFORMATION_FORMAT = "dwarf-with-dsym";
				ENABLE_STRICT_OBJC_MSGSEND = YES;
				ENABLE_TESTABILITY = YES;
				ENABLE_USER_SCRIPT_SANDBOXING = NO;
				GCC_C_LANGUAGE_STANDARD = gnu11;
				GCC_DYNAMIC_NO_PIC = NO;
				GCC_NO_COMMON_BLOCKS = YES;
				GCC_OPTIMIZATION_LEVEL = 0;
				GCC_PREPROCESSOR_DEFINITIONS = (
					"DEBUG=1",
					"$(inherited)",
				);
				GCC_WARN_64_TO_32_BIT_CONVERSION = YES;
				GCC_WARN_ABOUT_RETURN_TYPE = YES_ERROR;
				GCC_WARN_UNDECLARED_SELECTOR = YES;
				GCC_WARN_UNINITIALIZED_AUTOS = YES_AGGRESSIVE;
				GCC_WARN_UNUSED_FUNCTION = YES;
				GCC_WARN_UNUSED_VARIABLE = YES;
				IPHONEOS_DEPLOYMENT_TARGET = 15.3;
				MTL_ENABLE_DEBUG_INFO = INCLUDE_SOURCE;
				MTL_FAST_MATH = YES;
				ONLY_ACTIVE_ARCH = YES;
				SDKROOT = iphoneos;
				SWIFT_ACTIVE_COMPILATION_CONDITIONS = DEBUG;
				SWIFT_OPTIMIZATION_LEVEL = "-Onone";
			};
			name = Debug;
		};
		7555FFA4242A565B00829871 /* Release */ = {
			isa = XCBuildConfiguration;
			baseConfigurationReference = AB3632DC29227652001CCB65 /* Config.xcconfig */;
			buildSettings = {
				ALWAYS_SEARCH_USER_PATHS = NO;
				CLANG_ANALYZER_NONNULL = YES;
				CLANG_ANALYZER_NUMBER_OBJECT_CONVERSION = YES_AGGRESSIVE;
				CLANG_CXX_LANGUAGE_STANDARD = "gnu++14";
				CLANG_CXX_LIBRARY = "libc++";
				CLANG_ENABLE_MODULES = YES;
				CLANG_ENABLE_OBJC_ARC = YES;
				CLANG_ENABLE_OBJC_WEAK = YES;
				CLANG_WARN_BLOCK_CAPTURE_AUTORELEASING = YES;
				CLANG_WARN_BOOL_CONVERSION = YES;
				CLANG_WARN_COMMA = YES;
				CLANG_WARN_CONSTANT_CONVERSION = YES;
				CLANG_WARN_DEPRECATED_OBJC_IMPLEMENTATIONS = YES;
				CLANG_WARN_DIRECT_OBJC_ISA_USAGE = YES_ERROR;
				CLANG_WARN_DOCUMENTATION_COMMENTS = YES;
				CLANG_WARN_EMPTY_BODY = YES;
				CLANG_WARN_ENUM_CONVERSION = YES;
				CLANG_WARN_INFINITE_RECURSION = YES;
				CLANG_WARN_INT_CONVERSION = YES;
				CLANG_WARN_NON_LITERAL_NULL_CONVERSION = YES;
				CLANG_WARN_OBJC_IMPLICIT_RETAIN_SELF = YES;
				CLANG_WARN_OBJC_LITERAL_CONVERSION = YES;
				CLANG_WARN_OBJC_ROOT_CLASS = YES_ERROR;
				CLANG_WARN_QUOTED_INCLUDE_IN_FRAMEWORK_HEADER = YES;
				CLANG_WARN_RANGE_LOOP_ANALYSIS = YES;
				CLANG_WARN_STRICT_PROTOTYPES = YES;
				CLANG_WARN_SUSPICIOUS_MOVE = YES;
				CLANG_WARN_UNGUARDED_AVAILABILITY = YES_AGGRESSIVE;
				CLANG_WARN_UNREACHABLE_CODE = YES;
				CLANG_WARN__DUPLICATE_METHOD_MATCH = YES;
				COPY_PHASE_STRIP = NO;
				DEBUG_INFORMATION_FORMAT = "dwarf-with-dsym";
				ENABLE_NS_ASSERTIONS = NO;
				ENABLE_STRICT_OBJC_MSGSEND = YES;
				ENABLE_USER_SCRIPT_SANDBOXING = NO;
				GCC_C_LANGUAGE_STANDARD = gnu11;
				GCC_NO_COMMON_BLOCKS = YES;
				GCC_WARN_64_TO_32_BIT_CONVERSION = YES;
				GCC_WARN_ABOUT_RETURN_TYPE = YES_ERROR;
				GCC_WARN_UNDECLARED_SELECTOR = YES;
				GCC_WARN_UNINITIALIZED_AUTOS = YES_AGGRESSIVE;
				GCC_WARN_UNUSED_FUNCTION = YES;
				GCC_WARN_UNUSED_VARIABLE = YES;
				IPHONEOS_DEPLOYMENT_TARGET = 15.3;
				MTL_ENABLE_DEBUG_INFO = NO;
				MTL_FAST_MATH = YES;
				SDKROOT = iphoneos;
				SWIFT_COMPILATION_MODE = wholemodule;
				SWIFT_OPTIMIZATION_LEVEL = "-O";
				VALIDATE_PRODUCT = YES;
			};
			name = Release;
		};
		7555FFA6242A565B00829871 /* Debug */ = {
			isa = XCBuildConfiguration;
			buildSettings = {
				ASSETCATALOG_COMPILER_APPICON_NAME = AppIcon;
				CODE_SIGN_IDENTITY = "Apple Development";
				CODE_SIGN_STYLE = Automatic;
				DEVELOPMENT_ASSET_PATHS = "\"iosApp/Preview Content\"";
				DEVELOPMENT_TEAM = CNU2T5A2AN;
				ENABLE_PREVIEWS = YES;
				FRAMEWORK_SEARCH_PATHS = (
					"$(inherited)",
					"$(SRCROOT)/../shared/build/xcode-frameworks/$(CONFIGURATION)/$(SDK_NAME)",
				);
				INFOPLIST_FILE = iosApp/Info.plist;
				INFOPLIST_KEY_CFBundleDisplayName = "Kotlin Multiplatform";
				IPHONEOS_DEPLOYMENT_TARGET = 17.0;
				LD_RUNPATH_SEARCH_PATHS = (
					"$(inherited)",
					"@executable_path/Frameworks",
				);
				OTHER_LDFLAGS = "-lsqlite3";
				PRODUCT_BUNDLE_IDENTIFIER = "org.sam.multiplatform-base";
				PRODUCT_NAME = "${APP_NAME}";
				PROVISIONING_PROFILE_SPECIFIER = "";
				SWIFT_VERSION = 5.0;
				TARGETED_DEVICE_FAMILY = "1,2";
			};
			name = Debug;
		};
		7555FFA7242A565B00829871 /* Release */ = {
			isa = XCBuildConfiguration;
			buildSettings = {
				ASSETCATALOG_COMPILER_APPICON_NAME = AppIcon;
				CODE_SIGN_IDENTITY = "Apple Development";
				CODE_SIGN_STYLE = Automatic;
				DEVELOPMENT_ASSET_PATHS = "\"iosApp/Preview Content\"";
				DEVELOPMENT_TEAM = CNU2T5A2AN;
				ENABLE_PREVIEWS = YES;
				FRAMEWORK_SEARCH_PATHS = (
					"$(inherited)",
					"$(SRCROOT)/../shared/build/xcode-frameworks/$(CONFIGURATION)/$(SDK_NAME)",
				);
				INFOPLIST_FILE = iosApp/Info.plist;
				INFOPLIST_KEY_CFBundleDisplayName = "Kotlin Multiplatform";
				IPHONEOS_DEPLOYMENT_TARGET = 17.0;
				LD_RUNPATH_SEARCH_PATHS = (
					"$(inherited)",
					"@executable_path/Frameworks",
				);
				OTHER_LDFLAGS = "-lsqlite3";
				PRODUCT_BUNDLE_IDENTIFIER = "org.sam.multiplatform-base";
				PRODUCT_NAME = "${APP_NAME}";
				PROVISIONING_PROFILE_SPECIFIER = "";
				SWIFT_VERSION = 5.0;
				TARGETED_DEVICE_FAMILY = "1,2";
			};
			name = Release;
		};
/* End XCBuildConfiguration section */

/* Begin XCConfigurationList section */
		7555FF76242A565900829871 /* Build configuration list for PBXProject "iosApp" */ = {
			isa = XCConfigurationList;
			buildConfigurations = (
				7555FFA3242A565B00829871 /* Debug */,
				7555FFA4242A565B00829871 /* Release */,
			);
			defaultConfigurationIsVisible = 0;
			defaultConfigurationName = Release;
		};
		7555FFA5242A565B00829871 /* Build configuration list for PBXNativeTarget "iosApp" */ = {
			isa = XCConfigurationList;
			buildConfigurations = (
				7555FFA6242A565B00829871 /* Debug */,
				7555FFA7242A565B00829871 /* Release */,
			);
			defaultConfigurationIsVisible = 0;
			defaultConfigurationName = Release;
		};
/* End XCConfigurationList section */

/* Begin XCRemoteSwiftPackageReference section */
		447021992C391DC800C855EC /* XCRemoteSwiftPackageReference "R.swift" */ = {
			isa = XCRemoteSwiftPackageReference;
			repositoryURL = "https://github.com/mac-cain13/R.swift.git";
			requirement = {
				kind = upToNextMajorVersion;
				minimumVersion = 7.5.0;
			};
		};
		DEAA03532C36A4BD0068928C /* XCRemoteSwiftPackageReference "R" */ = {
			isa = XCRemoteSwiftPackageReference;
			repositoryURL = "https://github.com/mac-cain13/R.swift";
			requirement = {
				kind = upToNextMajorVersion;
				minimumVersion = 7.5.0;
			};
		};
/* End XCRemoteSwiftPackageReference section */

/* Begin XCSwiftPackageProductDependency section */
		4470219A2C391DC800C855EC /* RswiftLibrary */ = {
			isa = XCSwiftPackageProductDependency;
			package = 447021992C391DC800C855EC /* XCRemoteSwiftPackageReference "R.swift" */;
			productName = RswiftLibrary;
		};
		4470219C2C391DC800C855EC /* rswift */ = {
			isa = XCSwiftPackageProductDependency;
			package = 447021992C391DC800C855EC /* XCRemoteSwiftPackageReference "R.swift" */;
			productName = rswift;
		};
		DEAA03582C36A4CB0068928C /* RswiftGenerateInternalResources */ = {
			isa = XCSwiftPackageProductDependency;
			package = DEAA03532C36A4BD0068928C /* XCRemoteSwiftPackageReference "R" */;
			productName = "plugin:RswiftGenerateInternalResources";
		};
/* End XCSwiftPackageProductDependency section */
	};
	rootObject = 7555FF73242A565900829871 /* Project object */;
}
